{
  "name": "js_standard",
  "lockfileVersion": 2,
  "requires": true,
  "packages": {
    "": {
      "dependencies": {
        "inspect": "^0.0.2",
        "node-inspect": "^2.0.0",
        "vm2": "^3.9.5"
      }
    },
    "node_modules/inspect": {
      "version": "0.0.2",
      "resolved": "https://registry.npmjs.org/inspect/-/inspect-0.0.2.tgz",
      "integrity": "sha1-8HODi1RvnAuWo6d0TyR/iHwib4s=",
      "engines": {
        "node": "*"
      }
    },
    "node_modules/node-inspect": {
      "version": "2.0.0",
      "resolved": "https://registry.npmjs.org/node-inspect/-/node-inspect-2.0.0.tgz",
      "integrity": "sha512-vaDNU6Fa/vt8gv/PV+QoeSIPhcBnHMiNOtInxcojfagspQg5KP9HloUDGJWIacamT8Agiu51eF+fuBjrE25a6w==",
      "deprecated": "This module is part of Node.js core and does not need to be installed separately. It is now unmaintained.",
      "bin": {
        "node-inspect": "cli.js"
      }
    },
    "node_modules/vm2": {
      "version": "3.9.5",
      "resolved": "https://registry.npmjs.org/vm2/-/vm2-3.9.5.tgz",
      "integrity": "sha512-LuCAHZN75H9tdrAiLFf030oW7nJV5xwNMuk1ymOZwopmuK3d2H4L1Kv4+GFHgarKiLfXXLFU+7LDABHnwOkWng==",
      "bin": {
        "vm2": "bin/vm2"
      },
      "engines": {
        "node": ">=6.0"
      }
    }
  },
  "dependencies": {
    "inspect": {
      "version": "0.0.2",
      "resolved": "https://registry.npmjs.org/inspect/-/inspect-0.0.2.tgz",
      "integrity": "sha1-8HODi1RvnAuWo6d0TyR/iHwib4s="
    },
    "node-inspect": {
      "version": "2.0.0",
      "resolved": "https://registry.npmjs.org/node-inspect/-/node-inspect-2.0.0.tgz",
      "integrity": "sha512-vaDNU6Fa/vt8gv/PV+QoeSIPhcBnHMiNOtInxcojfagspQg5KP9HloUDGJWIacamT8Agiu51eF+fuBjrE25a6w=="
    },
    "vm2": {
      "version": "3.9.5",
      "resolved": "https://registry.npmjs.org/vm2/-/vm2-3.9.5.tgz",
      "integrity": "sha512-LuCAHZN75H9tdrAiLFf030oW7nJV5xwNMuk1ymOZwopmuK3d2H4L1Kv4+GFHgarKiLfXXLFU+7LDABHnwOkWng=="
    }
  }
}
